{
  "name": "crypto-bot",
  "lockfileVersion": 3,
  "requires": true,
  "packages": {
    "": {
      "dependencies": {
        "@upbit-official/upbit-cli": "^0.9.1"
      }
    },
    "node_modules/@upbit-official/upbit-cli": {
      "version": "0.9.1",
      "resolved": "https://registry.npmjs.org/@upbit-official/upbit-cli/-/upbit-cli-0.9.1.tgz",
      "integrity": "sha512-6AKB5BF18ejs9JyDE93+Jt8lr1uA2IuWSvEbKDeMoUeZqLijLcyVpgXPuqcYfmnb3o1FWZnWQIRwfVjKmFHL0w==",
      "hasInstallScript": true,
      "license": "Apache-2.0",
      "bin": {
        "upbit": "run.js"
      },
      "engines": {
        "node": ">=18"
      }
    }
  }
}
